
Microsoft Visual Studio Solution File, Format Version 12.00
# Visual Studio Version 16
VisualStudioVersion = 16.0.31624.102
MinimumVisualStudioVersion = 10.0.40219.1
Project("{FAE04EC0-301F-11D3-BF4B-00C04F79EFBC}") = "ModifyingDatabaseData", "ModifyingDatabaseData\ModifyingDatabaseData.csproj", "{7030A79D-CFB6-46E8-AF90-5F9775D3E214}"
EndProject
Project("{FAE04EC0-301F-11D3-BF4B-00C04F79EFBC}") = "ModifyingDatabaseData.Dal", "ModifyingDatabaseData.Dal\ModifyingDatabaseData.Dal.csproj", "{293AACE3-C089-43EB-80AE-16732A6CED8C}"
EndProject
Global
	GlobalSection(SolutionConfigurationPlatforms) = preSolution
		Debug|Any CPU = Debug|Any CPU
		Release|Any CPU = Release|Any CPU
	EndGlobalSection
	GlobalSection(ProjectConfigurationPlatforms) = postSolution
		{7030A79D-CFB6-46E8-AF90-5F9775D3E214}.Debug|Any CPU.ActiveCfg = Debug|Any CPU
		{7030A79D-CFB6-46E8-AF90-5F9775D3E214}.Debug|Any CPU.Build.0 = Debug|Any CPU
		{7030A79D-CFB6-46E8-AF90-5F9775D3E214}.Release|Any CPU.ActiveCfg = Release|Any CPU
		{7030A79D-CFB6-46E8-AF90-5F9775D3E214}.Release|Any CPU.Build.0 = Release|Any CPU
		{293AACE3-C089-43EB-80AE-16732A6CED8C}.Debug|Any CPU.ActiveCfg = Debug|Any CPU
		{293AACE3-C089-43EB-80AE-16732A6CED8C}.Debug|Any CPU.Build.0 = Debug|Any CPU
		{293AACE3-C089-43EB-80AE-16732A6CED8C}.Release|Any CPU.ActiveCfg = Release|Any CPU
		{293AACE3-C089-43EB-80AE-16732A6CED8C}.Release|Any CPU.Build.0 = Release|Any CPU
	EndGlobalSection
	GlobalSection(SolutionProperties) = preSolution
		HideSolutionNode = FALSE
	EndGlobalSection
	GlobalSection(ExtensibilityGlobals) = postSolution
		SolutionGuid = {ADCFCCF1-A844-4B9E-94C4-1036113ECFE5}
	EndGlobalSection
EndGlobal
